
Microsoft Visual Studio Solution File, Format Version 11.00
# Visual Studio 2010
Project("{FAE04EC0-301F-11D3-BF4B-00C04F79EFBC}") = "1-1...3Simplex", "1-1...3Simplex\1-1...3Simplex.csproj", "{EC74CD4B-D36D-46E9-B7D8-4E38FA98E071}"
EndProject
Global
	GlobalSection(SolutionConfigurationPlatforms) = preSolution
		Debug|x86 = Debug|x86
		Release|x86 = Release|x86
	EndGlobalSection
	GlobalSection(ProjectConfigurationPlatforms) = postSolution
		{EC74CD4B-D36D-46E9-B7D8-4E38FA98E071}.Debug|x86.ActiveCfg = Debug|x86
		{EC74CD4B-D36D-46E9-B7D8-4E38FA98E071}.Debug|x86.Build.0 = Debug|x86
		{EC74CD4B-D36D-46E9-B7D8-4E38FA98E071}.Release|x86.ActiveCfg = Release|x86
		{EC74CD4B-D36D-46E9-B7D8-4E38FA98E071}.Release|x86.Build.0 = Release|x86
	EndGlobalSection
	GlobalSection(SolutionProperties) = preSolution
		HideSolutionNode = FALSE
	EndGlobalSection
EndGlobal
